
Microsoft Visual Studio Solution File, Format Version 12.00
# Visual Studio Version 16
VisualStudioVersion = 16.0.30011.22
MinimumVisualStudioVersion = 10.0.40219.1
Project("{FAE04EC0-301F-11D3-BF4B-00C04F79EFBC}") = "myapp", "myapp\myapp.csproj", "{D985B389-9D25-4C13-B412-F53B1ABB0A95}"
EndProject
Project("{FAE04EC0-301F-11D3-BF4B-00C04F79EFBC}") = "myapp.library", "myapp.library\myapp.library.csproj", "{54485018-9360-4A83-B35A-CD98A294EA25}"
EndProject
Project("{FAE04EC0-301F-11D3-BF4B-00C04F79EFBC}") = "myapp.Test", "myapp.Test\myapp.Test.csproj", "{1A77A899-1DFB-4FD9-9585-44D3647C18BF}"
EndProject
Global
	GlobalSection(SolutionConfigurationPlatforms) = preSolution
		Debug|Any CPU = Debug|Any CPU
		Release|Any CPU = Release|Any CPU
	EndGlobalSection
	GlobalSection(ProjectConfigurationPlatforms) = postSolution
		{D985B389-9D25-4C13-B412-F53B1ABB0A95}.Debug|Any CPU.ActiveCfg = Debug|Any CPU
		{D985B389-9D25-4C13-B412-F53B1ABB0A95}.Debug|Any CPU.Build.0 = Debug|Any CPU
		{D985B389-9D25-4C13-B412-F53B1ABB0A95}.Release|Any CPU.ActiveCfg = Release|Any CPU
		{D985B389-9D25-4C13-B412-F53B1ABB0A95}.Release|Any CPU.Build.0 = Release|Any CPU
		{54485018-9360-4A83-B35A-CD98A294EA25}.Debug|Any CPU.ActiveCfg = Debug|Any CPU
		{54485018-9360-4A83-B35A-CD98A294EA25}.Debug|Any CPU.Build.0 = Debug|Any CPU
		{54485018-9360-4A83-B35A-CD98A294EA25}.Release|Any CPU.ActiveCfg = Release|Any CPU
		{54485018-9360-4A83-B35A-CD98A294EA25}.Release|Any CPU.Build.0 = Release|Any CPU
		{1A77A899-1DFB-4FD9-9585-44D3647C18BF}.Debug|Any CPU.ActiveCfg = Debug|Any CPU
		{1A77A899-1DFB-4FD9-9585-44D3647C18BF}.Debug|Any CPU.Build.0 = Debug|Any CPU
		{1A77A899-1DFB-4FD9-9585-44D3647C18BF}.Release|Any CPU.ActiveCfg = Release|Any CPU
		{1A77A899-1DFB-4FD9-9585-44D3647C18BF}.Release|Any CPU.Build.0 = Release|Any CPU
	EndGlobalSection
	GlobalSection(SolutionProperties) = preSolution
		HideSolutionNode = FALSE
	EndGlobalSection
	GlobalSection(ExtensibilityGlobals) = postSolution
		SolutionGuid = {F7098266-172E-4247-9857-7050D6B7AEC2}
	EndGlobalSection
EndGlobal
